schema: '2.0'
stages:
  prepare:
    cmd: python src/prepare.py
    deps:
    - path: src/prepare.py
      hash: md5
      md5: da63ea54f3de4b81761bd4aee8ecebf5
      size: 1170
    outs:
    - path: data/processed
      hash: md5
      md5: 5a29b4666ae92c1a9d88cf2ed03ab1b0.dir
      size: 220083362
      nfiles: 2
  train:
    cmd: python src/train.py
    deps:
    - path: data/processed
      hash: md5
      md5: 5a29b4666ae92c1a9d88cf2ed03ab1b0.dir
      size: 220083362
      nfiles: 2
    - path: src/train.py
      hash: md5
      md5: 8f876c939308636e0a1d3cd9f9d69e42
      size: 1967
    params:
      params.yaml:
        epochs: 5
        lr: 0.001
    outs:
    - path: metrics.json
      hash: md5
      md5: bb2c003ad1e4cc068dec8bf792d72fb8
      size: 26
    - path: model.pt
      hash: md5
      md5: 8f18e381f06fd12a254ffa03236683f8
      size: 56713
  predict:
    cmd: python src/predict.py
    deps:
    - path: data/processed/test.pt
      hash: md5
      md5: 5acb04ff21805dbe4ed9a034998f6b15
      size: 31441677
    - path: model.pt
      hash: md5
      md5: 8f18e381f06fd12a254ffa03236683f8
      size: 56713
    - path: src/predict.py
      hash: md5
      md5: 592b6b85f2ca441eecce6758a8e18c44
      size: 1427
    outs:
    - path: predictions.json
      hash: md5
      md5: 331d79f5431792c85e95cdd7e82f563e
      size: 2307
